// !$*UTF8*$!
{
	archiveVersion = 1;
	classes = {
	};
	objectVersion = 50;
	objects = {

/* Begin PBXBuildFile section */
		2C05BA642498AE85000CDD99 /* VideoCaptureViewController.m in Sources */ = {isa = PBXBuildFile; fileRef = 2C05BA632498AE85000CDD99 /* VideoCaptureViewController.m */; };
		2C05BA672498AEA9000CDD99 /* VideoCaptureView.m in Sources */ = {isa = PBXBuildFile; fileRef = 2C05BA662498AEA9000CDD99 /* VideoCaptureView.m */; };
		2C3A1A57249B3D6D0037DD44 /* WCLRecordEncoder.m in Sources */ = {isa = PBXBuildFile; fileRef = 2C3A1A55249B3D6D0037DD44 /* WCLRecordEncoder.m */; };
		2C54DE8E24A5A69B0015C9FD /* GpuCameraCaptureVC.m in Sources */ = {isa = PBXBuildFile; fileRef = 2C54DE8D24A5A69B0015C9FD /* GpuCameraCaptureVC.m */; };
		2C54DE9224A5A7F70015C9FD /* GPUImageVideoCamera.m in Sources */ = {isa = PBXBuildFile; fileRef = 2C54DE9024A5A7F70015C9FD /* GPUImageVideoCamera.m */; };
		2C54DE9524A5A8C90015C9FD /* GPUImageOutput.m in Sources */ = {isa = PBXBuildFile; fileRef = 2C54DE9424A5A8C90015C9FD /* GPUImageOutput.m */; };
		2C54DE9824A5A9650015C9FD /* GPUImageContext.m in Sources */ = {isa = PBXBuildFile; fileRef = 2C54DE9724A5A9650015C9FD /* GPUImageContext.m */; };
		2C54DE9B24A5A9800015C9FD /* GLProgram.m in Sources */ = {isa = PBXBuildFile; fileRef = 2C54DE9A24A5A9800015C9FD /* GLProgram.m */; };
		2C54DE9E24A5A9E50015C9FD /* GPUImageFramebuffer.m in Sources */ = {isa = PBXBuildFile; fileRef = 2C54DE9D24A5A9E50015C9FD /* GPUImageFramebuffer.m */; };
		2C54DEA124A5AA030015C9FD /* GPUImageFramebufferCache.m in Sources */ = {isa = PBXBuildFile; fileRef = 2C54DEA024A5AA030015C9FD /* GPUImageFramebufferCache.m */; };
		2C54DEA724A5AAD80015C9FD /* GPUImageFilter.m in Sources */ = {isa = PBXBuildFile; fileRef = 2C54DEA624A5AAD80015C9FD /* GPUImageFilter.m */; };
		2C54DEAA24A5AB360015C9FD /* GPUImageColorConversion.m in Sources */ = {isa = PBXBuildFile; fileRef = 2C54DEA824A5AB360015C9FD /* GPUImageColorConversion.m */; };
		2C54DEAD24A5ADAC0015C9FD /* GPUImageView.m in Sources */ = {isa = PBXBuildFile; fileRef = 2C54DEAC24A5ADAC0015C9FD /* GPUImageView.m */; };
		2C9C6B7C24921A2C00B4E177 /* AppDelegate.m in Sources */ = {isa = PBXBuildFile; fileRef = 2C9C6B7B24921A2C00B4E177 /* AppDelegate.m */; };
		2C9C6B8724921A2F00B4E177 /* Assets.xcassets in Resources */ = {isa = PBXBuildFile; fileRef = 2C9C6B8624921A2F00B4E177 /* Assets.xcassets */; };
		2C9C6B8A24921A2F00B4E177 /* LaunchScreen.storyboard in Resources */ = {isa = PBXBuildFile; fileRef = 2C9C6B8824921A2F00B4E177 /* LaunchScreen.storyboard */; };
		2C9C6B8D24921A2F00B4E177 /* main.m in Sources */ = {isa = PBXBuildFile; fileRef = 2C9C6B8C24921A2F00B4E177 /* main.m */; };
		2C9C6B9724921A2F00B4E177 /* CCMediaTutorialTests.m in Sources */ = {isa = PBXBuildFile; fileRef = 2C9C6B9624921A2F00B4E177 /* CCMediaTutorialTests.m */; };
		2C9C6BA224921A2F00B4E177 /* CCMediaTutorialUITests.m in Sources */ = {isa = PBXBuildFile; fileRef = 2C9C6BA124921A2F00B4E177 /* CCMediaTutorialUITests.m */; };
		2C9C6BB424921AC700B4E177 /* HomeDataSource.m in Sources */ = {isa = PBXBuildFile; fileRef = 2C9C6BB024921AC700B4E177 /* HomeDataSource.m */; };
		2C9C6BB524921AC700B4E177 /* HomeViewController.m in Sources */ = {isa = PBXBuildFile; fileRef = 2C9C6BB124921AC700B4E177 /* HomeViewController.m */; };
		2C9C6BBA24921C8F00B4E177 /* TriangleViewController.m in Sources */ = {isa = PBXBuildFile; fileRef = 2C9C6BB924921C8F00B4E177 /* TriangleViewController.m */; };
		2C9C6BBD2492218D00B4E177 /* CCGLView.m in Sources */ = {isa = PBXBuildFile; fileRef = 2C9C6BBC2492218D00B4E177 /* CCGLView.m */; };
		2C9C6BBF2492368A00B4E177 /* 1.jpg in Resources */ = {isa = PBXBuildFile; fileRef = 2C9C6BBE2492368A00B4E177 /* 1.jpg */; };
		2C9C6BC2249237DE00B4E177 /* shaderImageView.fsh in Resources */ = {isa = PBXBuildFile; fileRef = 2C9C6BC0249237DE00B4E177 /* shaderImageView.fsh */; };
		2C9C6BC3249237DE00B4E177 /* shaderImageView.vsh in Resources */ = {isa = PBXBuildFile; fileRef = 2C9C6BC1249237DE00B4E177 /* shaderImageView.vsh */; };
		2CB0FD70249477EE005A7447 /* MVPTransfromVC.m in Sources */ = {isa = PBXBuildFile; fileRef = 2CB0FD6F249477EE005A7447 /* MVPTransfromVC.m */; };
		2CB0FD7324947827005A7447 /* MVPTransfromView.m in Sources */ = {isa = PBXBuildFile; fileRef = 2CB0FD7224947827005A7447 /* MVPTransfromView.m */; };
		2CB0FD7B2494790C005A7447 /* GLESUtils.m in Sources */ = {isa = PBXBuildFile; fileRef = 2CB0FD752494790C005A7447 /* GLESUtils.m */; };
		2CB0FD7C2494790C005A7447 /* GLESMath.c in Sources */ = {isa = PBXBuildFile; fileRef = 2CB0FD772494790C005A7447 /* GLESMath.c */; };
		2CB0FD7F24947AB0005A7447 /* shaderMVP.vsh in Resources */ = {isa = PBXBuildFile; fileRef = 2CB0FD7D24947AB0005A7447 /* shaderMVP.vsh */; };
		2CB0FD8024947AB0005A7447 /* shaderMVP.fsh in Resources */ = {isa = PBXBuildFile; fileRef = 2CB0FD7E24947AB0005A7447 /* shaderMVP.fsh */; };
		2CB903E32492776A00CDBB27 /* CCImageView.m in Sources */ = {isa = PBXBuildFile; fileRef = 2CB903E22492776A00CDBB27 /* CCImageView.m */; };
		2CB903E72493283000CDBB27 /* ImageViewController.m in Sources */ = {isa = PBXBuildFile; fileRef = 2CB903E62493283000CDBB27 /* ImageViewController.m */; };
		2CB903EE24932B4300CDBB27 /* TriangleView.m in Sources */ = {isa = PBXBuildFile; fileRef = 2CB903ED24932B4300CDBB27 /* TriangleView.m */; };
		2CB903F024932E3900CDBB27 /* triangle.vsh in Resources */ = {isa = PBXBuildFile; fileRef = 2CB903EF24932E3900CDBB27 /* triangle.vsh */; };
		2CB903F224932E4C00CDBB27 /* triangle.fsh in Resources */ = {isa = PBXBuildFile; fileRef = 2CB903F124932E4C00CDBB27 /* triangle.fsh */; };
		2CB903F62493326F00CDBB27 /* RectangleViewController.m in Sources */ = {isa = PBXBuildFile; fileRef = 2CB903F52493326F00CDBB27 /* RectangleViewController.m */; };
		2CB903F92493329E00CDBB27 /* RectangleView.m in Sources */ = {isa = PBXBuildFile; fileRef = 2CB903F82493329E00CDBB27 /* RectangleView.m */; };
/* End PBXBuildFile section */

/* Begin PBXContainerItemProxy section */
		2C9C6B9324921A2F00B4E177 /* PBXContainerItemProxy */ = {
			isa = PBXContainerItemProxy;
			containerPortal = 2C9C6B6F24921A2C00B4E177 /* Project object */;
			proxyType = 1;
			remoteGlobalIDString = 2C9C6B7624921A2C00B4E177;
			remoteInfo = CCMediaTutorial;
		};
		2C9C6B9E24921A2F00B4E177 /* PBXContainerItemProxy */ = {
			isa = PBXContainerItemProxy;
			containerPortal = 2C9C6B6F24921A2C00B4E177 /* Project object */;
			proxyType = 1;
			remoteGlobalIDString = 2C9C6B7624921A2C00B4E177;
			remoteInfo = CCMediaTutorial;
		};
/* End PBXContainerItemProxy section */

/* Begin PBXFileReference section */
		2C05BA622498AE85000CDD99 /* VideoCaptureViewController.h */ = {isa = PBXFileReference; lastKnownFileType = sourcecode.c.h; path = VideoCaptureViewController.h; sourceTree = "<group>"; };
		2C05BA632498AE85000CDD99 /* VideoCaptureViewController.m */ = {isa = PBXFileReference; lastKnownFileType = sourcecode.c.objc; path = VideoCaptureViewController.m; sourceTree = "<group>"; };
		2C05BA652498AEA9000CDD99 /* VideoCaptureView.h */ = {isa = PBXFileReference; lastKnownFileType = sourcecode.c.h; path = VideoCaptureView.h; sourceTree = "<group>"; };
		2C05BA662498AEA9000CDD99 /* VideoCaptureView.m */ = {isa = PBXFileReference; lastKnownFileType = sourcecode.c.objc; path = VideoCaptureView.m; sourceTree = "<group>"; };
		2C3A1A54249B3D6D0037DD44 /* WCLRecordEncoder.h */ = {isa = PBXFileReference; fileEncoding = 4; lastKnownFileType = sourcecode.c.h; path = WCLRecordEncoder.h; sourceTree = "<group>"; };
		2C3A1A55249B3D6D0037DD44 /* WCLRecordEncoder.m */ = {isa = PBXFileReference; fileEncoding = 4; lastKnownFileType = sourcecode.c.objc; path = WCLRecordEncoder.m; sourceTree = "<group>"; };
		2C54DE8C24A5A69B0015C9FD /* GpuCameraCaptureVC.h */ = {isa = PBXFileReference; lastKnownFileType = sourcecode.c.h; path = GpuCameraCaptureVC.h; sourceTree = "<group>"; };
		2C54DE8D24A5A69B0015C9FD /* GpuCameraCaptureVC.m */ = {isa = PBXFileReference; lastKnownFileType = sourcecode.c.objc; path = GpuCameraCaptureVC.m; sourceTree = "<group>"; };
		2C54DE9024A5A7F70015C9FD /* GPUImageVideoCamera.m */ = {isa = PBXFileReference; fileEncoding = 4; lastKnownFileType = sourcecode.c.objc; path = GPUImageVideoCamera.m; sourceTree = "<group>"; };
		2C54DE9124A5A7F70015C9FD /* GPUImageVideoCamera.h */ = {isa = PBXFileReference; fileEncoding = 4; lastKnownFileType = sourcecode.c.h; path = GPUImageVideoCamera.h; sourceTree = "<group>"; };
		2C54DE9324A5A8C90015C9FD /* GPUImageOutput.h */ = {isa = PBXFileReference; fileEncoding = 4; lastKnownFileType = sourcecode.c.h; path = GPUImageOutput.h; sourceTree = "<group>"; };
		2C54DE9424A5A8C90015C9FD /* GPUImageOutput.m */ = {isa = PBXFileReference; fileEncoding = 4; lastKnownFileType = sourcecode.c.objc; path = GPUImageOutput.m; sourceTree = "<group>"; };
		2C54DE9624A5A9650015C9FD /* GPUImageContext.h */ = {isa = PBXFileReference; fileEncoding = 4; lastKnownFileType = sourcecode.c.h; path = GPUImageContext.h; sourceTree = "<group>"; };
		2C54DE9724A5A9650015C9FD /* GPUImageContext.m */ = {isa = PBXFileReference; fileEncoding = 4; lastKnownFileType = sourcecode.c.objc; path = GPUImageContext.m; sourceTree = "<group>"; };
		2C54DE9924A5A9800015C9FD /* GLProgram.h */ = {isa = PBXFileReference; fileEncoding = 4; lastKnownFileType = sourcecode.c.h; path = GLProgram.h; sourceTree = "<group>"; };
		2C54DE9A24A5A9800015C9FD /* GLProgram.m */ = {isa = PBXFileReference; fileEncoding = 4; lastKnownFileType = sourcecode.c.objc; path = GLProgram.m; sourceTree = "<group>"; };
		2C54DE9C24A5A9E50015C9FD /* GPUImageFramebuffer.h */ = {isa = PBXFileReference; fileEncoding = 4; lastKnownFileType = sourcecode.c.h; path = GPUImageFramebuffer.h; sourceTree = "<group>"; };
		2C54DE9D24A5A9E50015C9FD /* GPUImageFramebuffer.m */ = {isa = PBXFileReference; fileEncoding = 4; lastKnownFileType = sourcecode.c.objc; path = GPUImageFramebuffer.m; sourceTree = "<group>"; };
		2C54DE9F24A5AA030015C9FD /* GPUImageFramebufferCache.h */ = {isa = PBXFileReference; fileEncoding = 4; lastKnownFileType = sourcecode.c.h; path = GPUImageFramebufferCache.h; sourceTree = "<group>"; };
		2C54DEA024A5AA030015C9FD /* GPUImageFramebufferCache.m */ = {isa = PBXFileReference; fileEncoding = 4; lastKnownFileType = sourcecode.c.objc; path = GPUImageFramebufferCache.m; sourceTree = "<group>"; };
		2C54DEA224A5AA470015C9FD /* GPUImageContext.m */ = {isa = PBXFileReference; fileEncoding = 4; lastKnownFileType = sourcecode.c.objc; name = GPUImageContext.m; path = "../../../../../../../Downloads/GPUImage-master/framework/Source/iOS/GPUImageContext.m"; sourceTree = "<group>"; };
		2C54DEA324A5AA470015C9FD /* GPUImageContext.h */ = {isa = PBXFileReference; fileEncoding = 4; lastKnownFileType = sourcecode.c.h; name = GPUImageContext.h; path = "../../../../../../../Downloads/GPUImage-master/framework/Source/iOS/GPUImageContext.h"; sourceTree = "<group>"; };
		2C54DEA524A5AAD70015C9FD /* GPUImageFilter.h */ = {isa = PBXFileReference; fileEncoding = 4; lastKnownFileType = sourcecode.c.h; path = GPUImageFilter.h; sourceTree = "<group>"; };
		2C54DEA624A5AAD80015C9FD /* GPUImageFilter.m */ = {isa = PBXFileReference; fileEncoding = 4; lastKnownFileType = sourcecode.c.objc; path = GPUImageFilter.m; sourceTree = "<group>"; };
		2C54DEA824A5AB360015C9FD /* GPUImageColorConversion.m */ = {isa = PBXFileReference; fileEncoding = 4; lastKnownFileType = sourcecode.c.objc; path = GPUImageColorConversion.m; sourceTree = "<group>"; };
		2C54DEA924A5AB360015C9FD /* GPUImageColorConversion.h */ = {isa = PBXFileReference; fileEncoding = 4; lastKnownFileType = sourcecode.c.h; path = GPUImageColorConversion.h; sourceTree = "<group>"; };
		2C54DEAB24A5ADAC0015C9FD /* GPUImageView.h */ = {isa = PBXFileReference; fileEncoding = 4; lastKnownFileType = sourcecode.c.h; path = GPUImageView.h; sourceTree = "<group>"; };
		2C54DEAC24A5ADAC0015C9FD /* GPUImageView.m */ = {isa = PBXFileReference; fileEncoding = 4; lastKnownFileType = sourcecode.c.objc; path = GPUImageView.m; sourceTree = "<group>"; };
		2C9C6B7724921A2C00B4E177 /* CCMediaTutorial.app */ = {isa = PBXFileReference; explicitFileType = wrapper.application; includeInIndex = 0; path = CCMediaTutorial.app; sourceTree = BUILT_PRODUCTS_DIR; };
		2C9C6B7A24921A2C00B4E177 /* AppDelegate.h */ = {isa = PBXFileReference; lastKnownFileType = sourcecode.c.h; path = AppDelegate.h; sourceTree = "<group>"; };
		2C9C6B7B24921A2C00B4E177 /* AppDelegate.m */ = {isa = PBXFileReference; lastKnownFileType = sourcecode.c.objc; path = AppDelegate.m; sourceTree = "<group>"; };
		2C9C6B8624921A2F00B4E177 /* Assets.xcassets */ = {isa = PBXFileReference; lastKnownFileType = folder.assetcatalog; path = Assets.xcassets; sourceTree = "<group>"; };
		2C9C6B8924921A2F00B4E177 /* Base */ = {isa = PBXFileReference; lastKnownFileType = file.storyboard; name = Base; path = Base.lproj/LaunchScreen.storyboard; sourceTree = "<group>"; };
		2C9C6B8B24921A2F00B4E177 /* Info.plist */ = {isa = PBXFileReference; lastKnownFileType = text.plist.xml; path = Info.plist; sourceTree = "<group>"; };
		2C9C6B8C24921A2F00B4E177 /* main.m */ = {isa = PBXFileReference; lastKnownFileType = sourcecode.c.objc; path = main.m; sourceTree = "<group>"; };
		2C9C6B9224921A2F00B4E177 /* CCMediaTutorialTests.xctest */ = {isa = PBXFileReference; explicitFileType = wrapper.cfbundle; includeInIndex = 0; path = CCMediaTutorialTests.xctest; sourceTree = BUILT_PRODUCTS_DIR; };
		2C9C6B9624921A2F00B4E177 /* CCMediaTutorialTests.m */ = {isa = PBXFileReference; lastKnownFileType = sourcecode.c.objc; path = CCMediaTutorialTests.m; sourceTree = "<group>"; };
		2C9C6B9824921A2F00B4E177 /* Info.plist */ = {isa = PBXFileReference; lastKnownFileType = text.plist.xml; path = Info.plist; sourceTree = "<group>"; };
		2C9C6B9D24921A2F00B4E177 /* CCMediaTutorialUITests.xctest */ = {isa = PBXFileReference; explicitFileType = wrapper.cfbundle; includeInIndex = 0; path = CCMediaTutorialUITests.xctest; sourceTree = BUILT_PRODUCTS_DIR; };
		2C9C6BA124921A2F00B4E177 /* CCMediaTutorialUITests.m */ = {isa = PBXFileReference; lastKnownFileType = sourcecode.c.objc; path = CCMediaTutorialUITests.m; sourceTree = "<group>"; };
		2C9C6BA324921A2F00B4E177 /* Info.plist */ = {isa = PBXFileReference; lastKnownFileType = text.plist.xml; path = Info.plist; sourceTree = "<group>"; };
		2C9C6BB024921AC700B4E177 /* HomeDataSource.m */ = {isa = PBXFileReference; fileEncoding = 4; lastKnownFileType = sourcecode.c.objc; path = HomeDataSource.m; sourceTree = "<group>"; };
		2C9C6BB124921AC700B4E177 /* HomeViewController.m */ = {isa = PBXFileReference; fileEncoding = 4; lastKnownFileType = sourcecode.c.objc; path = HomeViewController.m; sourceTree = "<group>"; };
		2C9C6BB224921AC700B4E177 /* HomeDataSource.h */ = {isa = PBXFileReference; fileEncoding = 4; lastKnownFileType = sourcecode.c.h; path = HomeDataSource.h; sourceTree = "<group>"; };
		2C9C6BB324921AC700B4E177 /* HomeViewController.h */ = {isa = PBXFileReference; fileEncoding = 4; lastKnownFileType = sourcecode.c.h; path = HomeViewController.h; sourceTree = "<group>"; };
		2C9C6BB824921C8F00B4E177 /* TriangleViewController.h */ = {isa = PBXFileReference; lastKnownFileType = sourcecode.c.h; path = TriangleViewController.h; sourceTree = "<group>"; };
		2C9C6BB924921C8F00B4E177 /* TriangleViewController.m */ = {isa = PBXFileReference; lastKnownFileType = sourcecode.c.objc; path = TriangleViewController.m; sourceTree = "<group>"; };
		2C9C6BBB2492218D00B4E177 /* CCGLView.h */ = {isa = PBXFileReference; lastKnownFileType = sourcecode.c.h; path = CCGLView.h; sourceTree = "<group>"; };
		2C9C6BBC2492218D00B4E177 /* CCGLView.m */ = {isa = PBXFileReference; lastKnownFileType = sourcecode.c.objc; path = CCGLView.m; sourceTree = "<group>"; };
		2C9C6BBE2492368A00B4E177 /* 1.jpg */ = {isa = PBXFileReference; lastKnownFileType = image.jpeg; path = 1.jpg; sourceTree = "<group>"; };
		2C9C6BC0249237DE00B4E177 /* shaderImageView.fsh */ = {isa = PBXFileReference; fileEncoding = 4; lastKnownFileType = sourcecode.glsl; path = shaderImageView.fsh; sourceTree = "<group>"; };
		2C9C6BC1249237DE00B4E177 /* shaderImageView.vsh */ = {isa = PBXFileReference; fileEncoding = 4; lastKnownFileType = sourcecode.glsl; path = shaderImageView.vsh; sourceTree = "<group>"; };
		2CB0FD6E249477EE005A7447 /* MVPTransfromVC.h */ = {isa = PBXFileReference; lastKnownFileType = sourcecode.c.h; path = MVPTransfromVC.h; sourceTree = "<group>"; };
		2CB0FD6F249477EE005A7447 /* MVPTransfromVC.m */ = {isa = PBXFileReference; lastKnownFileType = sourcecode.c.objc; path = MVPTransfromVC.m; sourceTree = "<group>"; };
		2CB0FD7124947827005A7447 /* MVPTransfromView.h */ = {isa = PBXFileReference; lastKnownFileType = sourcecode.c.h; path = MVPTransfromView.h; sourceTree = "<group>"; };
		2CB0FD7224947827005A7447 /* MVPTransfromView.m */ = {isa = PBXFileReference; lastKnownFileType = sourcecode.c.objc; path = MVPTransfromView.m; sourceTree = "<group>"; };
		2CB0FD752494790C005A7447 /* GLESUtils.m */ = {isa = PBXFileReference; fileEncoding = 4; lastKnownFileType = sourcecode.c.objc; path = GLESUtils.m; sourceTree = "<group>"; };
		2CB0FD762494790C005A7447 /* Quaternion.h */ = {isa = PBXFileReference; fileEncoding = 4; lastKnownFileType = sourcecode.c.h; path = Quaternion.h; sourceTree = "<group>"; };
		2CB0FD772494790C005A7447 /* GLESMath.c */ = {isa = PBXFileReference; fileEncoding = 4; lastKnownFileType = sourcecode.c.c; path = GLESMath.c; sourceTree = "<group>"; };
		2CB0FD782494790C005A7447 /* GLESUtils.h */ = {isa = PBXFileReference; fileEncoding = 4; lastKnownFileType = sourcecode.c.h; path = GLESUtils.h; sourceTree = "<group>"; };
		2CB0FD792494790C005A7447 /* Vector.h */ = {isa = PBXFileReference; fileEncoding = 4; lastKnownFileType = sourcecode.c.h; path = Vector.h; sourceTree = "<group>"; };
		2CB0FD7A2494790C005A7447 /* GLESMath.h */ = {isa = PBXFileReference; fileEncoding = 4; lastKnownFileType = sourcecode.c.h; path = GLESMath.h; sourceTree = "<group>"; };
		2CB0FD7D24947AB0005A7447 /* shaderMVP.vsh */ = {isa = PBXFileReference; fileEncoding = 4; lastKnownFileType = sourcecode.glsl; path = shaderMVP.vsh; sourceTree = "<group>"; };
		2CB0FD7E24947AB0005A7447 /* shaderMVP.fsh */ = {isa = PBXFileReference; fileEncoding = 4; lastKnownFileType = sourcecode.glsl; path = shaderMVP.fsh; sourceTree = "<group>"; };
		2CB903E12492776A00CDBB27 /* CCImageView.h */ = {isa = PBXFileReference; lastKnownFileType = sourcecode.c.h; path = CCImageView.h; sourceTree = "<group>"; };
		2CB903E22492776A00CDBB27 /* CCImageView.m */ = {isa = PBXFileReference; lastKnownFileType = sourcecode.c.objc; path = CCImageView.m; sourceTree = "<group>"; };
		2CB903E52493283000CDBB27 /* ImageViewController.h */ = {isa = PBXFileReference; lastKnownFileType = sourcecode.c.h; path = ImageViewController.h; sourceTree = "<group>"; };
		2CB903E62493283000CDBB27 /* ImageViewController.m */ = {isa = PBXFileReference; lastKnownFileType = sourcecode.c.objc; path = ImageViewController.m; sourceTree = "<group>"; };
		2CB903EC24932B4300CDBB27 /* TriangleView.h */ = {isa = PBXFileReference; lastKnownFileType = sourcecode.c.h; path = TriangleView.h; sourceTree = "<group>"; };
		2CB903ED24932B4300CDBB27 /* TriangleView.m */ = {isa = PBXFileReference; lastKnownFileType = sourcecode.c.objc; path = TriangleView.m; sourceTree = "<group>"; };
		2CB903EF24932E3900CDBB27 /* triangle.vsh */ = {isa = PBXFileReference; lastKnownFileType = sourcecode.glsl; path = triangle.vsh; sourceTree = "<group>"; };
		2CB903F124932E4C00CDBB27 /* triangle.fsh */ = {isa = PBXFileReference; lastKnownFileType = sourcecode.glsl; path = triangle.fsh; sourceTree = "<group>"; };
		2CB903F42493326F00CDBB27 /* RectangleViewController.h */ = {isa = PBXFileReference; lastKnownFileType = sourcecode.c.h; path = RectangleViewController.h; sourceTree = "<group>"; };
		2CB903F52493326F00CDBB27 /* RectangleViewController.m */ = {isa = PBXFileReference; lastKnownFileType = sourcecode.c.objc; path = RectangleViewController.m; sourceTree = "<group>"; };
		2CB903F72493329E00CDBB27 /* RectangleView.h */ = {isa = PBXFileReference; lastKnownFileType = sourcecode.c.h; path = RectangleView.h; sourceTree = "<group>"; };
		2CB903F82493329E00CDBB27 /* RectangleView.m */ = {isa = PBXFileReference; lastKnownFileType = sourcecode.c.objc; path = RectangleView.m; sourceTree = "<group>"; };
/* End PBXFileReference section */

/* Begin PBXFrameworksBuildPhase section */
		2C9C6B7424921A2C00B4E177 /* Frameworks */ = {
			isa = PBXFrameworksBuildPhase;
			buildActionMask = 2147483647;
			files = (
			);
			runOnlyForDeploymentPostprocessing = 0;
		};
		2C9C6B8F24921A2F00B4E177 /* Frameworks */ = {
			isa = PBXFrameworksBuildPhase;
			buildActionMask = 2147483647;
			files = (
			);
			runOnlyForDeploymentPostprocessing = 0;
		};
		2C9C6B9A24921A2F00B4E177 /* Frameworks */ = {
			isa = PBXFrameworksBuildPhase;
			buildActionMask = 2147483647;
			files = (
			);
			runOnlyForDeploymentPostprocessing = 0;
		};
/* End PBXFrameworksBuildPhase section */

/* Begin PBXGroup section */
		2C05BA612498AE57000CDD99 /* videoCapture */ = {
			isa = PBXGroup;
			children = (
				2C54DE8B24A5A65B0015C9FD /* gpuimageVC */,
				2C3A1A53249B3D6D0037DD44 /* WCLRecordEncoder */,
				2C05BA622498AE85000CDD99 /* VideoCaptureViewController.h */,
				2C05BA632498AE85000CDD99 /* VideoCaptureViewController.m */,
				2C05BA652498AEA9000CDD99 /* VideoCaptureView.h */,
				2C05BA662498AEA9000CDD99 /* VideoCaptureView.m */,
			);
			path = videoCapture;
			sourceTree = "<group>";
		};
		2C3A1A53249B3D6D0037DD44 /* WCLRecordEncoder */ = {
			isa = PBXGroup;
			children = (
				2C3A1A54249B3D6D0037DD44 /* WCLRecordEncoder.h */,
				2C3A1A55249B3D6D0037DD44 /* WCLRecordEncoder.m */,
			);
			path = WCLRecordEncoder;
			sourceTree = "<group>";
		};
		2C54DE8B24A5A65B0015C9FD /* gpuimageVC */ = {
			isa = PBXGroup;
			children = (
				2C54DE8F24A5A7EC0015C9FD /* gpuimage */,
				2C54DE8C24A5A69B0015C9FD /* GpuCameraCaptureVC.h */,
				2C54DE8D24A5A69B0015C9FD /* GpuCameraCaptureVC.m */,
			);
			path = gpuimageVC;
			sourceTree = "<group>";
		};
		2C54DE8F24A5A7EC0015C9FD /* gpuimage */ = {
			isa = PBXGroup;
			children = (
				2C54DEAB24A5ADAC0015C9FD /* GPUImageView.h */,
				2C54DEAC24A5ADAC0015C9FD /* GPUImageView.m */,
				2C54DEA924A5AB360015C9FD /* GPUImageColorConversion.h */,
				2C54DEA824A5AB360015C9FD /* GPUImageColorConversion.m */,
				2C54DEA524A5AAD70015C9FD /* GPUImageFilter.h */,
				2C54DEA624A5AAD80015C9FD /* GPUImageFilter.m */,
				2C54DEA324A5AA470015C9FD /* GPUImageContext.h */,
				2C54DEA224A5AA470015C9FD /* GPUImageContext.m */,
				2C54DE9C24A5A9E50015C9FD /* GPUImageFramebuffer.h */,
				2C54DE9D24A5A9E50015C9FD /* GPUImageFramebuffer.m */,
				2C54DE9924A5A9800015C9FD /* GLProgram.h */,
				2C54DE9A24A5A9800015C9FD /* GLProgram.m */,
				2C54DE9624A5A9650015C9FD /* GPUImageContext.h */,
				2C54DE9724A5A9650015C9FD /* GPUImageContext.m */,
				2C54DE9324A5A8C90015C9FD /* GPUImageOutput.h */,
				2C54DE9424A5A8C90015C9FD /* GPUImageOutput.m */,
				2C54DE9124A5A7F70015C9FD /* GPUImageVideoCamera.h */,
				2C54DE9024A5A7F70015C9FD /* GPUImageVideoCamera.m */,
				2C54DE9F24A5AA030015C9FD /* GPUImageFramebufferCache.h */,
				2C54DEA024A5AA030015C9FD /* GPUImageFramebufferCache.m */,
			);
			path = gpuimage;
			sourceTree = "<group>";
		};
		2C9C6B6E24921A2C00B4E177 = {
			isa = PBXGroup;
			children = (
				2C9C6B7924921A2C00B4E177 /* CCMediaTutorial */,
				2C9C6B9524921A2F00B4E177 /* CCMediaTutorialTests */,
				2C9C6BA024921A2F00B4E177 /* CCMediaTutorialUITests */,
				2C9C6B7824921A2C00B4E177 /* Products */,
			);
			sourceTree = "<group>";
		};
		2C9C6B7824921A2C00B4E177 /* Products */ = {
			isa = PBXGroup;
			children = (
				2C9C6B7724921A2C00B4E177 /* CCMediaTutorial.app */,
				2C9C6B9224921A2F00B4E177 /* CCMediaTutorialTests.xctest */,
				2C9C6B9D24921A2F00B4E177 /* CCMediaTutorialUITests.xctest */,
			);
			name = Products;
			sourceTree = "<group>";
		};
		2C9C6B7924921A2C00B4E177 /* CCMediaTutorial */ = {
			isa = PBXGroup;
			children = (
				2C9C6BB624921C3700B4E177 /* openglES */,
				2C9C6BB724921C4E00B4E177 /* video */,
				2C9C6BAF24921AC700B4E177 /* home */,
				2C9C6B7A24921A2C00B4E177 /* AppDelegate.h */,
				2C9C6B7B24921A2C00B4E177 /* AppDelegate.m */,
				2C9C6B8624921A2F00B4E177 /* Assets.xcassets */,
				2C9C6B8824921A2F00B4E177 /* LaunchScreen.storyboard */,
				2C9C6B8B24921A2F00B4E177 /* Info.plist */,
				2C9C6B8C24921A2F00B4E177 /* main.m */,
			);
			path = CCMediaTutorial;
			sourceTree = "<group>";
		};
		2C9C6B9524921A2F00B4E177 /* CCMediaTutorialTests */ = {
			isa = PBXGroup;
			children = (
				2C9C6B9624921A2F00B4E177 /* CCMediaTutorialTests.m */,
				2C9C6B9824921A2F00B4E177 /* Info.plist */,
			);
			path = CCMediaTutorialTests;
			sourceTree = "<group>";
		};
		2C9C6BA024921A2F00B4E177 /* CCMediaTutorialUITests */ = {
			isa = PBXGroup;
			children = (
				2C9C6BA124921A2F00B4E177 /* CCMediaTutorialUITests.m */,
				2C9C6BA324921A2F00B4E177 /* Info.plist */,
			);
			path = CCMediaTutorialUITests;
			sourceTree = "<group>";
		};
		2C9C6BAF24921AC700B4E177 /* home */ = {
			isa = PBXGroup;
			children = (
				2C9C6BB224921AC700B4E177 /* HomeDataSource.h */,
				2C9C6BB024921AC700B4E177 /* HomeDataSource.m */,
				2C9C6BB324921AC700B4E177 /* HomeViewController.h */,
				2C9C6BB124921AC700B4E177 /* HomeViewController.m */,
			);
			path = home;
			sourceTree = "<group>";
		};
		2C9C6BB624921C3700B4E177 /* openglES */ = {
			isa = PBXGroup;
			children = (
				2C05BA612498AE57000CDD99 /* videoCapture */,
				2CB0FD742494790C005A7447 /* Utils */,
				2CB0FD6D2494773C005A7447 /* mvptransform */,
				2CB903F32493325300CDBB27 /* rectangle */,
				2CB903EB24932AED00CDBB27 /* triangleView */,
				2CB903E4249327FF00CDBB27 /* imageVIew */,
				2C9C6BBE2492368A00B4E177 /* 1.jpg */,
				2C9C6BBB2492218D00B4E177 /* CCGLView.h */,
				2C9C6BBC2492218D00B4E177 /* CCGLView.m */,
			);
			path = openglES;
			sourceTree = "<group>";
		};
		2C9C6BB724921C4E00B4E177 /* video */ = {
			isa = PBXGroup;
			children = (
			);
			path = video;
			sourceTree = "<group>";
		};
		2CB0FD6D2494773C005A7447 /* mvptransform */ = {
			isa = PBXGroup;
			children = (
				2CB0FD7E24947AB0005A7447 /* shaderMVP.fsh */,
				2CB0FD7D24947AB0005A7447 /* shaderMVP.vsh */,
				2CB0FD6E249477EE005A7447 /* MVPTransfromVC.h */,
				2CB0FD6F249477EE005A7447 /* MVPTransfromVC.m */,
				2CB0FD7124947827005A7447 /* MVPTransfromView.h */,
				2CB0FD7224947827005A7447 /* MVPTransfromView.m */,
			);
			path = mvptransform;
			sourceTree = "<group>";
		};
		2CB0FD742494790C005A7447 /* Utils */ = {
			isa = PBXGroup;
			children = (
				2CB0FD752494790C005A7447 /* GLESUtils.m */,
				2CB0FD762494790C005A7447 /* Quaternion.h */,
				2CB0FD772494790C005A7447 /* GLESMath.c */,
				2CB0FD782494790C005A7447 /* GLESUtils.h */,
				2CB0FD792494790C005A7447 /* Vector.h */,
				2CB0FD7A2494790C005A7447 /* GLESMath.h */,
			);
			path = Utils;
			sourceTree = "<group>";
		};
		2CB903E4249327FF00CDBB27 /* imageVIew */ = {
			isa = PBXGroup;
			children = (
				2C9C6BC0249237DE00B4E177 /* shaderImageView.fsh */,
				2C9C6BC1249237DE00B4E177 /* shaderImageView.vsh */,
				2CB903E12492776A00CDBB27 /* CCImageView.h */,
				2CB903E22492776A00CDBB27 /* CCImageView.m */,
				2CB903E52493283000CDBB27 /* ImageViewController.h */,
				2CB903E62493283000CDBB27 /* ImageViewController.m */,
			);
			path = imageVIew;
			sourceTree = "<group>";
		};
		2CB903EB24932AED00CDBB27 /* triangleView */ = {
			isa = PBXGroup;
			children = (
				2C9C6BB824921C8F00B4E177 /* TriangleViewController.h */,
				2C9C6BB924921C8F00B4E177 /* TriangleViewController.m */,
				2CB903EC24932B4300CDBB27 /* TriangleView.h */,
				2CB903ED24932B4300CDBB27 /* TriangleView.m */,
				2CB903EF24932E3900CDBB27 /* triangle.vsh */,
				2CB903F124932E4C00CDBB27 /* triangle.fsh */,
			);
			path = triangleView;
			sourceTree = "<group>";
		};
		2CB903F32493325300CDBB27 /* rectangle */ = {
			isa = PBXGroup;
			children = (
				2CB903F42493326F00CDBB27 /* RectangleViewController.h */,
				2CB903F52493326F00CDBB27 /* RectangleViewController.m */,
				2CB903F72493329E00CDBB27 /* RectangleView.h */,
				2CB903F82493329E00CDBB27 /* RectangleView.m */,
			);
			path = rectangle;
			sourceTree = "<group>";
		};
/* End PBXGroup section */

/* Begin PBXNativeTarget section */
		2C9C6B7624921A2C00B4E177 /* CCMediaTutorial */ = {
			isa = PBXNativeTarget;
			buildConfigurationList = 2C9C6BA624921A2F00B4E177 /* Build configuration list for PBXNativeTarget "CCMediaTutorial" */;
			buildPhases = (
				2C9C6B7324921A2C00B4E177 /* Sources */,
				2C9C6B7424921A2C00B4E177 /* Frameworks */,
				2C9C6B7524921A2C00B4E177 /* Resources */,
			);
			buildRules = (
			);
			dependencies = (
			);
			name = CCMediaTutorial;
			productName = CCMediaTutorial;
			productReference = 2C9C6B7724921A2C00B4E177 /* CCMediaTutorial.app */;
			productType = "com.apple.product-type.application";
		};
		2C9C6B9124921A2F00B4E177 /* CCMediaTutorialTests */ = {
			isa = PBXNativeTarget;
			buildConfigurationList = 2C9C6BA924921A2F00B4E177 /* Build configuration list for PBXNativeTarget "CCMediaTutorialTests" */;
			buildPhases = (
				2C9C6B8E24921A2F00B4E177 /* Sources */,
				2C9C6B8F24921A2F00B4E177 /* Frameworks */,
				2C9C6B9024921A2F00B4E177 /* Resources */,
			);
			buildRules = (
			);
			dependencies = (
				2C9C6B9424921A2F00B4E177 /* PBXTargetDependency */,
			);
			name = CCMediaTutorialTests;
			productName = CCMediaTutorialTests;
			productReference = 2C9C6B9224921A2F00B4E177 /* CCMediaTutorialTests.xctest */;
			productType = "com.apple.product-type.bundle.unit-test";
		};
		2C9C6B9C24921A2F00B4E177 /* CCMediaTutorialUITests */ = {
			isa = PBXNativeTarget;
			buildConfigurationList = 2C9C6BAC24921A2F00B4E177 /* Build configuration list for PBXNativeTarget "CCMediaTutorialUITests" */;
			buildPhases = (
				2C9C6B9924921A2F00B4E177 /* Sources */,
				2C9C6B9A24921A2F00B4E177 /* Frameworks */,
				2C9C6B9B24921A2F00B4E177 /* Resources */,
			);
			buildRules = (
			);
			dependencies = (
				2C9C6B9F24921A2F00B4E177 /* PBXTargetDependency */,
			);
			name = CCMediaTutorialUITests;
			productName = CCMediaTutorialUITests;
			productReference = 2C9C6B9D24921A2F00B4E177 /* CCMediaTutorialUITests.xctest */;
			productType = "com.apple.product-type.bundle.ui-testing";
		};
/* End PBXNativeTarget section */

/* Begin PBXProject section */
		2C9C6B6F24921A2C00B4E177 /* Project object */ = {
			isa = PBXProject;
			attributes = {
				LastUpgradeCheck = 1150;
				ORGANIZATIONNAME = "Jerry Chen";
				TargetAttributes = {
					2C9C6B7624921A2C00B4E177 = {
						CreatedOnToolsVersion = 11.5;
					};
					2C9C6B9124921A2F00B4E177 = {
						CreatedOnToolsVersion = 11.5;
						TestTargetID = 2C9C6B7624921A2C00B4E177;
					};
					2C9C6B9C24921A2F00B4E177 = {
						CreatedOnToolsVersion = 11.5;
						TestTargetID = 2C9C6B7624921A2C00B4E177;
					};
				};
			};
			buildConfigurationList = 2C9C6B7224921A2C00B4E177 /* Build configuration list for PBXProject "CCMediaTutorial" */;
			compatibilityVersion = "Xcode 9.3";
			developmentRegion = en;
			hasScannedForEncodings = 0;
			knownRegions = (
				en,
				Base,
			);
			mainGroup = 2C9C6B6E24921A2C00B4E177;
			productRefGroup = 2C9C6B7824921A2C00B4E177 /* Products */;
			projectDirPath = "";
			projectRoot = "";
			targets = (
				2C9C6B7624921A2C00B4E177 /* CCMediaTutorial */,
				2C9C6B9124921A2F00B4E177 /* CCMediaTutorialTests */,
				2C9C6B9C24921A2F00B4E177 /* CCMediaTutorialUITests */,
			);
		};
/* End PBXProject section */

/* Begin PBXResourcesBuildPhase section */
		2C9C6B7524921A2C00B4E177 /* Resources */ = {
			isa = PBXResourcesBuildPhase;
			buildActionMask = 2147483647;
			files = (
				2CB903F024932E3900CDBB27 /* triangle.vsh in Resources */,
				2CB903F224932E4C00CDBB27 /* triangle.fsh in Resources */,
				2C9C6BC2249237DE00B4E177 /* shaderImageView.fsh in Resources */,
				2C9C6B8A24921A2F00B4E177 /* LaunchScreen.storyboard in Resources */,
				2C9C6BBF2492368A00B4E177 /* 1.jpg in Resources */,
				2C9C6BC3249237DE00B4E177 /* shaderImageView.vsh in Resources */,
				2C9C6B8724921A2F00B4E177 /* Assets.xcassets in Resources */,
				2CB0FD7F24947AB0005A7447 /* shaderMVP.vsh in Resources */,
				2CB0FD8024947AB0005A7447 /* shaderMVP.fsh in Resources */,
			);
			runOnlyForDeploymentPostprocessing = 0;
		};
		2C9C6B9024921A2F00B4E177 /* Resources */ = {
			isa = PBXResourcesBuildPhase;
			buildActionMask = 2147483647;
			files = (
			);
			runOnlyForDeploymentPostprocessing = 0;
		};
		2C9C6B9B24921A2F00B4E177 /* Resources */ = {
			isa = PBXResourcesBuildPhase;
			buildActionMask = 2147483647;
			files = (
			);
			runOnlyForDeploymentPostprocessing = 0;
		};
/* End PBXResourcesBuildPhase section */

/* Begin PBXSourcesBuildPhase section */
		2C9C6B7324921A2C00B4E177 /* Sources */ = {
			isa = PBXSourcesBuildPhase;
			buildActionMask = 2147483647;
			files = (
				2C9C6B7C24921A2C00B4E177 /* AppDelegate.m in Sources */,
				2C05BA642498AE85000CDD99 /* VideoCaptureViewController.m in Sources */,
				2C54DEA724A5AAD80015C9FD /* GPUImageFilter.m in Sources */,
				2C9C6BBD2492218D00B4E177 /* CCGLView.m in Sources */,
				2C05BA672498AEA9000CDD99 /* VideoCaptureView.m in Sources */,
				2CB903E72493283000CDBB27 /* ImageViewController.m in Sources */,
				2CB0FD70249477EE005A7447 /* MVPTransfromVC.m in Sources */,
				2C54DEAD24A5ADAC0015C9FD /* GPUImageView.m in Sources */,
				2C54DEA124A5AA030015C9FD /* GPUImageFramebufferCache.m in Sources */,
				2CB903F92493329E00CDBB27 /* RectangleView.m in Sources */,
				2C54DE9224A5A7F70015C9FD /* GPUImageVideoCamera.m in Sources */,
				2C9C6B8D24921A2F00B4E177 /* main.m in Sources */,
				2CB903F62493326F00CDBB27 /* RectangleViewController.m in Sources */,
				2C54DE8E24A5A69B0015C9FD /* GpuCameraCaptureVC.m in Sources */,
				2CB0FD7C2494790C005A7447 /* GLESMath.c in Sources */,
				2C54DE9E24A5A9E50015C9FD /* GPUImageFramebuffer.m in Sources */,
				2C54DE9524A5A8C90015C9FD /* GPUImageOutput.m in Sources */,
				2C9C6BB424921AC700B4E177 /* HomeDataSource.m in Sources */,
				2CB0FD7B2494790C005A7447 /* GLESUtils.m in Sources */,
				2CB903EE24932B4300CDBB27 /* TriangleView.m in Sources */,
				2C54DEAA24A5AB360015C9FD /* GPUImageColorConversion.m in Sources */,
				2C54DE9824A5A9650015C9FD /* GPUImageContext.m in Sources */,
				2C9C6BBA24921C8F00B4E177 /* TriangleViewController.m in Sources */,
				2C3A1A57249B3D6D0037DD44 /* WCLRecordEncoder.m in Sources */,
				2C54DE9B24A5A9800015C9FD /* GLProgram.m in Sources */,
				2CB903E32492776A00CDBB27 /* CCImageView.m in Sources */,
				2CB0FD7324947827005A7447 /* MVPTransfromView.m in Sources */,
				2C9C6BB524921AC700B4E177 /* HomeViewController.m in Sources */,
			);
			runOnlyForDeploymentPostprocessing = 0;
		};
		2C9C6B8E24921A2F00B4E177 /* Sources */ = {
			isa = PBXSourcesBuildPhase;
			buildActionMask = 2147483647;
			files = (
				2C9C6B9724921A2F00B4E177 /* CCMediaTutorialTests.m in Sources */,
			);
			runOnlyForDeploymentPostprocessing = 0;
		};
		2C9C6B9924921A2F00B4E177 /* Sources */ = {
			isa = PBXSourcesBuildPhase;
			buildActionMask = 2147483647;
			files = (
				2C9C6BA224921A2F00B4E177 /* CCMediaTutorialUITests.m in Sources */,
			);
			runOnlyForDeploymentPostprocessing = 0;
		};
/* End PBXSourcesBuildPhase section */

/* Begin PBXTargetDependency section */
		2C9C6B9424921A2F00B4E177 /* PBXTargetDependency */ = {
			isa = PBXTargetDependency;
			target = 2C9C6B7624921A2C00B4E177 /* CCMediaTutorial */;
			targetProxy = 2C9C6B9324921A2F00B4E177 /* PBXContainerItemProxy */;
		};
		2C9C6B9F24921A2F00B4E177 /* PBXTargetDependency */ = {
			isa = PBXTargetDependency;
			target = 2C9C6B7624921A2C00B4E177 /* CCMediaTutorial */;
			targetProxy = 2C9C6B9E24921A2F00B4E177 /* PBXContainerItemProxy */;
		};
/* End PBXTargetDependency section */

/* Begin PBXVariantGroup section */
		2C9C6B8824921A2F00B4E177 /* LaunchScreen.storyboard */ = {
			isa = PBXVariantGroup;
			children = (
				2C9C6B8924921A2F00B4E177 /* Base */,
			);
			name = LaunchScreen.storyboard;
			sourceTree = "<group>";
		};
/* End PBXVariantGroup section */

/* Begin XCBuildConfiguration section */
		2C9C6BA424921A2F00B4E177 /* Debug */ = {
			isa = XCBuildConfiguration;
			buildSettings = {
				ALWAYS_SEARCH_USER_PATHS = NO;
				CLANG_ANALYZER_NONNULL = YES;
				CLANG_ANALYZER_NUMBER_OBJECT_CONVERSION = YES_AGGRESSIVE;
				CLANG_CXX_LANGUAGE_STANDARD = "gnu++14";
				CLANG_CXX_LIBRARY = "libc++";
				CLANG_ENABLE_MODULES = YES;
				CLANG_ENABLE_OBJC_ARC = YES;
				CLANG_ENABLE_OBJC_WEAK = YES;
				CLANG_WARN_BLOCK_CAPTURE_AUTORELEASING = YES;
				CLANG_WARN_BOOL_CONVERSION = YES;
				CLANG_WARN_COMMA = YES;
				CLANG_WARN_CONSTANT_CONVERSION = YES;
				CLANG_WARN_DEPRECATED_OBJC_IMPLEMENTATIONS = YES;
				CLANG_WARN_DIRECT_OBJC_ISA_USAGE = YES_ERROR;
				CLANG_WARN_DOCUMENTATION_COMMENTS = YES;
				CLANG_WARN_EMPTY_BODY = YES;
				CLANG_WARN_ENUM_CONVERSION = YES;
				CLANG_WARN_INFINITE_RECURSION = YES;
				CLANG_WARN_INT_CONVERSION = YES;
				CLANG_WARN_NON_LITERAL_NULL_CONVERSION = YES;
				CLANG_WARN_OBJC_IMPLICIT_RETAIN_SELF = YES;
				CLANG_WARN_OBJC_LITERAL_CONVERSION = YES;
				CLANG_WARN_OBJC_ROOT_CLASS = YES_ERROR;
				CLANG_WARN_RANGE_LOOP_ANALYSIS = YES;
				CLANG_WARN_STRICT_PROTOTYPES = YES;
				CLANG_WARN_SUSPICIOUS_MOVE = YES;
				CLANG_WARN_UNGUARDED_AVAILABILITY = YES_AGGRESSIVE;
				CLANG_WARN_UNREACHABLE_CODE = YES;
				CLANG_WARN__DUPLICATE_METHOD_MATCH = YES;
				COPY_PHASE_STRIP = NO;
				DEBUG_INFORMATION_FORMAT = dwarf;
				ENABLE_STRICT_OBJC_MSGSEND = YES;
				ENABLE_TESTABILITY = YES;
				GCC_C_LANGUAGE_STANDARD = gnu11;
				GCC_DYNAMIC_NO_PIC = NO;
				GCC_NO_COMMON_BLOCKS = YES;
				GCC_OPTIMIZATION_LEVEL = 0;
				GCC_PREPROCESSOR_DEFINITIONS = (
					"DEBUG=1",
					"$(inherited)",
				);
				GCC_WARN_64_TO_32_BIT_CONVERSION = YES;
				GCC_WARN_ABOUT_RETURN_TYPE = YES_ERROR;
				GCC_WARN_UNDECLARED_SELECTOR = YES;
				GCC_WARN_UNINITIALIZED_AUTOS = YES_AGGRESSIVE;
				GCC_WARN_UNUSED_FUNCTION = YES;
				GCC_WARN_UNUSED_VARIABLE = YES;
				IPHONEOS_DEPLOYMENT_TARGET = 13.5;
				MTL_ENABLE_DEBUG_INFO = INCLUDE_SOURCE;
				MTL_FAST_MATH = YES;
				ONLY_ACTIVE_ARCH = YES;
				SDKROOT = iphoneos;
			};
			name = Debug;
		};
		2C9C6BA524921A2F00B4E177 /* Release */ = {
			isa = XCBuildConfiguration;
			buildSettings = {
				ALWAYS_SEARCH_USER_PATHS = NO;
				CLANG_ANALYZER_NONNULL = YES;
				CLANG_ANALYZER_NUMBER_OBJECT_CONVERSION = YES_AGGRESSIVE;
				CLANG_CXX_LANGUAGE_STANDARD = "gnu++14";
				CLANG_CXX_LIBRARY = "libc++";
				CLANG_ENABLE_MODULES = YES;
				CLANG_ENABLE_OBJC_ARC = YES;
				CLANG_ENABLE_OBJC_WEAK = YES;
				CLANG_WARN_BLOCK_CAPTURE_AUTORELEASING = YES;
				CLANG_WARN_BOOL_CONVERSION = YES;
				CLANG_WARN_COMMA = YES;
				CLANG_WARN_CONSTANT_CONVERSION = YES;
				CLANG_WARN_DEPRECATED_OBJC_IMPLEMENTATIONS = YES;
				CLANG_WARN_DIRECT_OBJC_ISA_USAGE = YES_ERROR;
				CLANG_WARN_DOCUMENTATION_COMMENTS = YES;
				CLANG_WARN_EMPTY_BODY = YES;
				CLANG_WARN_ENUM_CONVERSION = YES;
				CLANG_WARN_INFINITE_RECURSION = YES;
				CLANG_WARN_INT_CONVERSION = YES;
				CLANG_WARN_NON_LITERAL_NULL_CONVERSION = YES;
				CLANG_WARN_OBJC_IMPLICIT_RETAIN_SELF = YES;
				CLANG_WARN_OBJC_LITERAL_CONVERSION = YES;
				CLANG_WARN_OBJC_ROOT_CLASS = YES_ERROR;
				CLANG_WARN_RANGE_LOOP_ANALYSIS = YES;
				CLANG_WARN_STRICT_PROTOTYPES = YES;
				CLANG_WARN_SUSPICIOUS_MOVE = YES;
				CLANG_WARN_UNGUARDED_AVAILABILITY = YES_AGGRESSIVE;
				CLANG_WARN_UNREACHABLE_CODE = YES;
				CLANG_WARN__DUPLICATE_METHOD_MATCH = YES;
				COPY_PHASE_STRIP = NO;
				DEBUG_INFORMATION_FORMAT = "dwarf-with-dsym";
				ENABLE_NS_ASSERTIONS = NO;
				ENABLE_STRICT_OBJC_MSGSEND = YES;
				GCC_C_LANGUAGE_STANDARD = gnu11;
				GCC_NO_COMMON_BLOCKS = YES;
				GCC_WARN_64_TO_32_BIT_CONVERSION = YES;
				GCC_WARN_ABOUT_RETURN_TYPE = YES_ERROR;
				GCC_WARN_UNDECLARED_SELECTOR = YES;
				GCC_WARN_UNINITIALIZED_AUTOS = YES_AGGRESSIVE;
				GCC_WARN_UNUSED_FUNCTION = YES;
				GCC_WARN_UNUSED_VARIABLE = YES;
				IPHONEOS_DEPLOYMENT_TARGET = 13.5;
				MTL_ENABLE_DEBUG_INFO = NO;
				MTL_FAST_MATH = YES;
				SDKROOT = iphoneos;
				VALIDATE_PRODUCT = YES;
			};
			name = Release;
		};
		2C9C6BA724921A2F00B4E177 /* Debug */ = {
			isa = XCBuildConfiguration;
			buildSettings = {
				ASSETCATALOG_COMPILER_APPICON_NAME = AppIcon;
				CODE_SIGN_STYLE = Automatic;
				DEVELOPMENT_TEAM = SNM23S7N87;
				INFOPLIST_FILE = CCMediaTutorial/Info.plist;
				IPHONEOS_DEPLOYMENT_TARGET = 9.0;
				LD_RUNPATH_SEARCH_PATHS = (
					"$(inherited)",
					"@executable_path/Frameworks",
				);
				PRODUCT_BUNDLE_IDENTIFIER = cc.CCMediaTutorial;
				PRODUCT_NAME = "$(TARGET_NAME)";
				TARGETED_DEVICE_FAMILY = "1,2";
			};
			name = Debug;
		};
		2C9C6BA824921A2F00B4E177 /* Release */ = {
			isa = XCBuildConfiguration;
			buildSettings = {
				ASSETCATALOG_COMPILER_APPICON_NAME = AppIcon;
				CODE_SIGN_STYLE = Automatic;
				DEVELOPMENT_TEAM = SNM23S7N87;
				INFOPLIST_FILE = CCMediaTutorial/Info.plist;
				IPHONEOS_DEPLOYMENT_TARGET = 9.0;
				LD_RUNPATH_SEARCH_PATHS = (
					"$(inherited)",
					"@executable_path/Frameworks",
				);
				PRODUCT_BUNDLE_IDENTIFIER = cc.CCMediaTutorial;
				PRODUCT_NAME = "$(TARGET_NAME)";
				TARGETED_DEVICE_FAMILY = "1,2";
			};
			name = Release;
		};
		2C9C6BAA24921A2F00B4E177 /* Debug */ = {
			isa = XCBuildConfiguration;
			buildSettings = {
				BUNDLE_LOADER = "$(TEST_HOST)";
				CODE_SIGN_STYLE = Automatic;
				INFOPLIST_FILE = CCMediaTutorialTests/Info.plist;
				IPHONEOS_DEPLOYMENT_TARGET = 13.5;
				LD_RUNPATH_SEARCH_PATHS = (
					"$(inherited)",
					"@executable_path/Frameworks",
					"@loader_path/Frameworks",
				);
				PRODUCT_BUNDLE_IDENTIFIER = cc.CCMediaTutorialTests;
				PRODUCT_NAME = "$(TARGET_NAME)";
				TARGETED_DEVICE_FAMILY = "1,2";
				TEST_HOST = "$(BUILT_PRODUCTS_DIR)/CCMediaTutorial.app/CCMediaTutorial";
			};
			name = Debug;
		};
		2C9C6BAB24921A2F00B4E177 /* Release */ = {
			isa = XCBuildConfiguration;
			buildSettings = {
				BUNDLE_LOADER = "$(TEST_HOST)";
				CODE_SIGN_STYLE = Automatic;
				INFOPLIST_FILE = CCMediaTutorialTests/Info.plist;
				IPHONEOS_DEPLOYMENT_TARGET = 13.5;
				LD_RUNPATH_SEARCH_PATHS = (
					"$(inherited)",
					"@executable_path/Frameworks",
					"@loader_path/Frameworks",
				);
				PRODUCT_BUNDLE_IDENTIFIER = cc.CCMediaTutorialTests;
				PRODUCT_NAME = "$(TARGET_NAME)";
				TARGETED_DEVICE_FAMILY = "1,2";
				TEST_HOST = "$(BUILT_PRODUCTS_DIR)/CCMediaTutorial.app/CCMediaTutorial";
			};
			name = Release;
		};
		2C9C6BAD24921A2F00B4E177 /* Debug */ = {
			isa = XCBuildConfiguration;
			buildSettings = {
				CODE_SIGN_STYLE = Automatic;
				INFOPLIST_FILE = CCMediaTutorialUITests/Info.plist;
				LD_RUNPATH_SEARCH_PATHS = (
					"$(inherited)",
					"@executable_path/Frameworks",
					"@loader_path/Frameworks",
				);
				PRODUCT_BUNDLE_IDENTIFIER = cc.CCMediaTutorialUITests;
				PRODUCT_NAME = "$(TARGET_NAME)";
				TARGETED_DEVICE_FAMILY = "1,2";
				TEST_TARGET_NAME = CCMediaTutorial;
			};
			name = Debug;
		};
		2C9C6BAE24921A2F00B4E177 /* Release */ = {
			isa = XCBuildConfiguration;
			buildSettings = {
				CODE_SIGN_STYLE = Automatic;
				INFOPLIST_FILE = CCMediaTutorialUITests/Info.plist;
				LD_RUNPATH_SEARCH_PATHS = (
					"$(inherited)",
					"@executable_path/Frameworks",
					"@loader_path/Frameworks",
				);
				PRODUCT_BUNDLE_IDENTIFIER = cc.CCMediaTutorialUITests;
				PRODUCT_NAME = "$(TARGET_NAME)";
				TARGETED_DEVICE_FAMILY = "1,2";
				TEST_TARGET_NAME = CCMediaTutorial;
			};
			name = Release;
		};
/* End XCBuildConfiguration section */

/* Begin XCConfigurationList section */
		2C9C6B7224921A2C00B4E177 /* Build configuration list for PBXProject "CCMediaTutorial" */ = {
			isa = XCConfigurationList;
			buildConfigurations = (
				2C9C6BA424921A2F00B4E177 /* Debug */,
				2C9C6BA524921A2F00B4E177 /* Release */,
			);
			defaultConfigurationIsVisible = 0;
			defaultConfigurationName = Release;
		};
		2C9C6BA624921A2F00B4E177 /* Build configuration list for PBXNativeTarget "CCMediaTutorial" */ = {
			isa = XCConfigurationList;
			buildConfigurations = (
				2C9C6BA724921A2F00B4E177 /* Debug */,
				2C9C6BA824921A2F00B4E177 /* Release */,
			);
			defaultConfigurationIsVisible = 0;
			defaultConfigurationName = Release;
		};
		2C9C6BA924921A2F00B4E177 /* Build configuration list for PBXNativeTarget "CCMediaTutorialTests" */ = {
			isa = XCConfigurationList;
			buildConfigurations = (
				2C9C6BAA24921A2F00B4E177 /* Debug */,
				2C9C6BAB24921A2F00B4E177 /* Release */,
			);
			defaultConfigurationIsVisible = 0;
			defaultConfigurationName = Release;
		};
		2C9C6BAC24921A2F00B4E177 /* Build configuration list for PBXNativeTarget "CCMediaTutorialUITests" */ = {
			isa = XCConfigurationList;
			buildConfigurations = (
				2C9C6BAD24921A2F00B4E177 /* Debug */,
				2C9C6BAE24921A2F00B4E177 /* Release */,
			);
			defaultConfigurationIsVisible = 0;
			defaultConfigurationName = Release;
		};
/* End XCConfigurationList section */
	};
	rootObject = 2C9C6B6F24921A2C00B4E177 /* Project object */;
}
